
Microsoft Visual Studio Solution File, Format Version 12.00
# Visual Studio Version 17
VisualStudioVersion = 17.6.33829.357
MinimumVisualStudioVersion = 10.0.40219.1
Project("{9A19103F-16F7-4668-BE54-9A1E7A4F7556}") = "Wolt-Project", "Wolt-Project\Wolt-Project.csproj", "{CA36D485-A71C-4883-B381-6268796D6ED2}"
EndProject
Project("{FAE04EC0-301F-11D3-BF4B-00C04F79EFBC}") = "xunit-tests", "xunit-tests\xunit-tests.csproj", "{0ACF7406-C5E2-4A00-9B7D-1E2586F6C4A6}"
EndProject
Global
	GlobalSection(SolutionConfigurationPlatforms) = preSolution
		Debug|Any CPU = Debug|Any CPU
		Release|Any CPU = Release|Any CPU
	EndGlobalSection
	GlobalSection(ProjectConfigurationPlatforms) = postSolution
		{CA36D485-A71C-4883-B381-6268796D6ED2}.Debug|Any CPU.ActiveCfg = Debug|Any CPU
		{CA36D485-A71C-4883-B381-6268796D6ED2}.Debug|Any CPU.Build.0 = Debug|Any CPU
		{CA36D485-A71C-4883-B381-6268796D6ED2}.Release|Any CPU.ActiveCfg = Release|Any CPU
		{CA36D485-A71C-4883-B381-6268796D6ED2}.Release|Any CPU.Build.0 = Release|Any CPU
		{0ACF7406-C5E2-4A00-9B7D-1E2586F6C4A6}.Debug|Any CPU.ActiveCfg = Debug|Any CPU
		{0ACF7406-C5E2-4A00-9B7D-1E2586F6C4A6}.Debug|Any CPU.Build.0 = Debug|Any CPU
		{0ACF7406-C5E2-4A00-9B7D-1E2586F6C4A6}.Release|Any CPU.ActiveCfg = Release|Any CPU
		{0ACF7406-C5E2-4A00-9B7D-1E2586F6C4A6}.Release|Any CPU.Build.0 = Release|Any CPU
	EndGlobalSection
	GlobalSection(SolutionProperties) = preSolution
		HideSolutionNode = FALSE
	EndGlobalSection
	GlobalSection(ExtensibilityGlobals) = postSolution
		SolutionGuid = {8B61B336-0407-4DAF-A791-D53EFC4BD1EB}
	EndGlobalSection
EndGlobal
